
Microsoft Visual Studio Solution File, Format Version 12.00
# Visual Studio Version 17
VisualStudioVersion = 17.1.32228.430
MinimumVisualStudioVersion = 10.0.40219.1
Project("{FAE04EC0-301F-11D3-BF4B-00C04F79EFBC}") = "Northwind.Dal", "Northwind.Dal\Northwind.Dal.csproj", "{18AA5700-8132-428D-A809-1D5B81695B63}"
EndProject
Project("{FAE04EC0-301F-11D3-BF4B-00C04F79EFBC}") = "Northwind.Entity", "Northwind.Entity\Northwind.Entity.csproj", "{BD8E89E2-4F50-413B-942E-984C692C5230}"
EndProject
Project("{FAE04EC0-301F-11D3-BF4B-00C04F79EFBC}") = "Northwind.Bll", "Northwind.Bll\Northwind.Bll.csproj", "{A5035FC2-D65A-4F25-9572-B23744761155}"
EndProject
Project("{FAE04EC0-301F-11D3-BF4B-00C04F79EFBC}") = "Northwind.Interface", "Northwind.Interface\Northwind.Interface.csproj", "{CFE16445-A0DF-4BA3-8BED-89B889610EE5}"
EndProject
Project("{FAE04EC0-301F-11D3-BF4B-00C04F79EFBC}") = "Northwind.WebApi", "Northwind.WebApi\Northwind.WebApi.csproj", "{9FA9EF8E-22A3-48A6-84A7-A1B45023AC1C}"
EndProject
Global
	GlobalSection(SolutionConfigurationPlatforms) = preSolution
		Debug|Any CPU = Debug|Any CPU
		Release|Any CPU = Release|Any CPU
	EndGlobalSection
	GlobalSection(ProjectConfigurationPlatforms) = postSolution
		{18AA5700-8132-428D-A809-1D5B81695B63}.Debug|Any CPU.ActiveCfg = Debug|Any CPU
		{18AA5700-8132-428D-A809-1D5B81695B63}.Debug|Any CPU.Build.0 = Debug|Any CPU
		{18AA5700-8132-428D-A809-1D5B81695B63}.Release|Any CPU.ActiveCfg = Release|Any CPU
		{18AA5700-8132-428D-A809-1D5B81695B63}.Release|Any CPU.Build.0 = Release|Any CPU
		{BD8E89E2-4F50-413B-942E-984C692C5230}.Debug|Any CPU.ActiveCfg = Debug|Any CPU
		{BD8E89E2-4F50-413B-942E-984C692C5230}.Debug|Any CPU.Build.0 = Debug|Any CPU
		{BD8E89E2-4F50-413B-942E-984C692C5230}.Release|Any CPU.ActiveCfg = Release|Any CPU
		{BD8E89E2-4F50-413B-942E-984C692C5230}.Release|Any CPU.Build.0 = Release|Any CPU
		{A5035FC2-D65A-4F25-9572-B23744761155}.Debug|Any CPU.ActiveCfg = Debug|Any CPU
		{A5035FC2-D65A-4F25-9572-B23744761155}.Debug|Any CPU.Build.0 = Debug|Any CPU
		{A5035FC2-D65A-4F25-9572-B23744761155}.Release|Any CPU.ActiveCfg = Release|Any CPU
		{A5035FC2-D65A-4F25-9572-B23744761155}.Release|Any CPU.Build.0 = Release|Any CPU
		{CFE16445-A0DF-4BA3-8BED-89B889610EE5}.Debug|Any CPU.ActiveCfg = Debug|Any CPU
		{CFE16445-A0DF-4BA3-8BED-89B889610EE5}.Debug|Any CPU.Build.0 = Debug|Any CPU
		{CFE16445-A0DF-4BA3-8BED-89B889610EE5}.Release|Any CPU.ActiveCfg = Release|Any CPU
		{CFE16445-A0DF-4BA3-8BED-89B889610EE5}.Release|Any CPU.Build.0 = Release|Any CPU
		{9FA9EF8E-22A3-48A6-84A7-A1B45023AC1C}.Debug|Any CPU.ActiveCfg = Debug|Any CPU
		{9FA9EF8E-22A3-48A6-84A7-A1B45023AC1C}.Debug|Any CPU.Build.0 = Debug|Any CPU
		{9FA9EF8E-22A3-48A6-84A7-A1B45023AC1C}.Release|Any CPU.ActiveCfg = Release|Any CPU
		{9FA9EF8E-22A3-48A6-84A7-A1B45023AC1C}.Release|Any CPU.Build.0 = Release|Any CPU
	EndGlobalSection
	GlobalSection(SolutionProperties) = preSolution
		HideSolutionNode = FALSE
	EndGlobalSection
	GlobalSection(ExtensibilityGlobals) = postSolution
		SolutionGuid = {9309C14E-7567-47F5-8B3E-A1AF33C9F82A}
	EndGlobalSection
EndGlobal
